
Microsoft Visual Studio Solution File, Format Version 12.00
# Visual Studio Version 17
VisualStudioVersion = 17.5.33414.496
MinimumVisualStudioVersion = 10.0.40219.1
Project("{FAE04EC0-301F-11D3-BF4B-00C04F79EFBC}") = "DemoConosle", "DemoConosle\DemoConosle.csproj", "{36F0C848-C025-4F51-831B-5247BDDFA9EF}"
EndProject
Global
	GlobalSection(SolutionConfigurationPlatforms) = preSolution
		Debug|Any CPU = Debug|Any CPU
		Release|Any CPU = Release|Any CPU
	EndGlobalSection
	GlobalSection(ProjectConfigurationPlatforms) = postSolution
		{36F0C848-C025-4F51-831B-5247BDDFA9EF}.Debug|Any CPU.ActiveCfg = Debug|Any CPU
		{36F0C848-C025-4F51-831B-5247BDDFA9EF}.Debug|Any CPU.Build.0 = Debug|Any CPU
		{36F0C848-C025-4F51-831B-5247BDDFA9EF}.Release|Any CPU.ActiveCfg = Release|Any CPU
		{36F0C848-C025-4F51-831B-5247BDDFA9EF}.Release|Any CPU.Build.0 = Release|Any CPU
	EndGlobalSection
	GlobalSection(SolutionProperties) = preSolution
		HideSolutionNode = FALSE
	EndGlobalSection
	GlobalSection(ExtensibilityGlobals) = postSolution
		SolutionGuid = {6DFE4FAB-89D8-4D00-931B-5C949C12C82F}
	EndGlobalSection
EndGlobal
